
Microsoft Visual Studio Solution File, Format Version 12.00
# Visual Studio Version 16
VisualStudioVersion = 16.0.31624.102
MinimumVisualStudioVersion = 10.0.40219.1
Project("{FAE04EC0-301F-11D3-BF4B-00C04F79EFBC}") = "HFFlib", "HFFlib\HFFlib.csproj", "{3A8B72D4-7BB5-4526-BA5C-9D146B876F4F}"
EndProject
Global
	GlobalSection(SolutionConfigurationPlatforms) = preSolution
		Debug|Any CPU = Debug|Any CPU
		Release|Any CPU = Release|Any CPU
	EndGlobalSection
	GlobalSection(ProjectConfigurationPlatforms) = postSolution
		{3A8B72D4-7BB5-4526-BA5C-9D146B876F4F}.Debug|Any CPU.ActiveCfg = Debug|Any CPU
		{3A8B72D4-7BB5-4526-BA5C-9D146B876F4F}.Debug|Any CPU.Build.0 = Debug|Any CPU
		{3A8B72D4-7BB5-4526-BA5C-9D146B876F4F}.Release|Any CPU.ActiveCfg = Release|Any CPU
		{3A8B72D4-7BB5-4526-BA5C-9D146B876F4F}.Release|Any CPU.Build.0 = Release|Any CPU
	EndGlobalSection
	GlobalSection(SolutionProperties) = preSolution
		HideSolutionNode = FALSE
	EndGlobalSection
	GlobalSection(ExtensibilityGlobals) = postSolution
		SolutionGuid = {03743DBF-BBB3-451F-8157-CF4C967AF48A}
	EndGlobalSection
EndGlobal
